
Microsoft Visual Studio Solution File, Format Version 12.00
# Visual Studio Version 17
VisualStudioVersion = 17.13.35931.197 d17.13
MinimumVisualStudioVersion = 10.0.40219.1
Project("{FAE04EC0-301F-11D3-BF4B-00C04F79EFBC}") = "ClassesAndDataStructures", "ClassesAndDataStructures\ClassesAndDataStructures.csproj", "{CBA0B33B-DA9A-4E07-A3C9-2492E639E80A}"
EndProject
Global
	GlobalSection(SolutionConfigurationPlatforms) = preSolution
		Debug|Any CPU = Debug|Any CPU
		Release|Any CPU = Release|Any CPU
	EndGlobalSection
	GlobalSection(ProjectConfigurationPlatforms) = postSolution
		{CBA0B33B-DA9A-4E07-A3C9-2492E639E80A}.Debug|Any CPU.ActiveCfg = Debug|Any CPU
		{CBA0B33B-DA9A-4E07-A3C9-2492E639E80A}.Debug|Any CPU.Build.0 = Debug|Any CPU
		{CBA0B33B-DA9A-4E07-A3C9-2492E639E80A}.Release|Any CPU.ActiveCfg = Release|Any CPU
		{CBA0B33B-DA9A-4E07-A3C9-2492E639E80A}.Release|Any CPU.Build.0 = Release|Any CPU
	EndGlobalSection
	GlobalSection(SolutionProperties) = preSolution
		HideSolutionNode = FALSE
	EndGlobalSection
	GlobalSection(ExtensibilityGlobals) = postSolution
		SolutionGuid = {8B47200D-BB63-4B33-9B05-76BAD92B1BD9}
	EndGlobalSection
EndGlobal
